{
  "name": "chrometools",
  "version": "1.0.0",
  "lockfileVersion": 1,
  "requires": true,
  "dependencies": {
    "commander": {
      "version": "https://registry.npmjs.org/commander/-/commander-2.12.2.tgz",
      "integrity": "sha1-D1lGxCftnsDZGka7ne9T5UZQ5VU="
    },
    "ncp": {
      "version": "https://registry.npmjs.org/ncp/-/ncp-2.0.0.tgz",
      "integrity": "sha1-GVoh1sRuNh0vsSgbo4uR6d9727M="
    },
    "semver": {
      "version": "5.5.0",
      "resolved": "https://registry.npmjs.org/semver/-/semver-5.5.0.tgz",
      "integrity": "sha512-4SJ3dm0WAwWy/NVeioZh5AntkdJoWKxHxcmyP622fOkgHa4z3R0TdBJICINyaSDE6uNwVc8gZr+ZinwZAH4xIA=="
    },
    "source-map": {
      "version": "https://registry.npmjs.org/source-map/-/source-map-0.6.1.tgz",
      "integrity": "sha1-dHIq8y6WFOnCh6jQu95IteLxomM="
    },
    "uglify-es": {
      "version": "https://registry.npmjs.org/uglify-es/-/uglify-es-3.3.4.tgz",
      "integrity": "sha1-LVkmeHkeUxBFa7yV6VITnjsTFno=",
      "requires": {
        "commander": "https://registry.npmjs.org/commander/-/commander-2.12.2.tgz",
        "source-map": "https://registry.npmjs.org/source-map/-/source-map-0.6.1.tgz"
      }
    },
    "uglifycss": {
      "version": "https://registry.npmjs.org/uglifycss/-/uglifycss-0.0.27.tgz",
      "integrity": "sha1-U1U7gRXeJtzle0K6CzTojdgNDN4="
    }
  }
}
